
Microsoft Visual Studio Solution File, Format Version 12.00
# Visual Studio Version 17
VisualStudioVersion = 17.9.34902.65
MinimumVisualStudioVersion = 10.0.40219.1
Project("{FAE04EC0-301F-11D3-BF4B-00C04F79EFBC}") = "LasUtility", "LasUtility\LasUtility.csproj", "{87A3BDB4-4C19-40CC-BA42-725013063657}"
EndProject
Project("{9A19103F-16F7-4668-BE54-9A1E7A4F7556}") = "LasUtility.Tests", "LasUtility.Tests\LasUtility.Tests.csproj", "{6A122309-BE9F-4ABC-BD44-EBEB47E799DC}"
EndProject
Global
	GlobalSection(SolutionConfigurationPlatforms) = preSolution
		Debug|Any CPU = Debug|Any CPU
		Release|Any CPU = Release|Any CPU
	EndGlobalSection
	GlobalSection(ProjectConfigurationPlatforms) = postSolution
		{87A3BDB4-4C19-40CC-BA42-725013063657}.Debug|Any CPU.ActiveCfg = Debug|Any CPU
		{87A3BDB4-4C19-40CC-BA42-725013063657}.Debug|Any CPU.Build.0 = Debug|Any CPU
		{87A3BDB4-4C19-40CC-BA42-725013063657}.Release|Any CPU.ActiveCfg = Release|Any CPU
		{87A3BDB4-4C19-40CC-BA42-725013063657}.Release|Any CPU.Build.0 = Release|Any CPU
		{6A122309-BE9F-4ABC-BD44-EBEB47E799DC}.Debug|Any CPU.ActiveCfg = Debug|Any CPU
		{6A122309-BE9F-4ABC-BD44-EBEB47E799DC}.Debug|Any CPU.Build.0 = Debug|Any CPU
		{6A122309-BE9F-4ABC-BD44-EBEB47E799DC}.Release|Any CPU.ActiveCfg = Release|Any CPU
		{6A122309-BE9F-4ABC-BD44-EBEB47E799DC}.Release|Any CPU.Build.0 = Release|Any CPU
	EndGlobalSection
	GlobalSection(SolutionProperties) = preSolution
		HideSolutionNode = FALSE
	EndGlobalSection
	GlobalSection(ExtensibilityGlobals) = postSolution
		SolutionGuid = {2BBA90A2-8496-4EE5-960F-C2D5B0513F56}
	EndGlobalSection
EndGlobal
